// !$*UTF8*$!
{
	archiveVersion = 1;
	classes = {
	};
	objectVersion = 56;
	objects = {

/* Begin PBXBuildFile section */
		5E058E442AD8734100C73B63 /* PlayerDeviceUtilities.swift in Sources */ = {isa = PBXBuildFile; fileRef = 5E058E432AD8734100C73B63 /* PlayerDeviceUtilities.swift */; };
		5E4F6CAE2AC664E100ACF419 /* BlueGazeApp.swift in Sources */ = {isa = PBXBuildFile; fileRef = 5E4F6CAD2AC664E100ACF419 /* BlueGazeApp.swift */; };
		5E4F6CB02AC664E100ACF419 /* ContentView.swift in Sources */ = {isa = PBXBuildFile; fileRef = 5E4F6CAF2AC664E100ACF419 /* ContentView.swift */; };
		5E4F6CB22AC664E300ACF419 /* Assets.xcassets in Resources */ = {isa = PBXBuildFile; fileRef = 5E4F6CB12AC664E300ACF419 /* Assets.xcassets */; };
		5E4F6CB62AC664E300ACF419 /* Preview Assets.xcassets in Resources */ = {isa = PBXBuildFile; fileRef = 5E4F6CB52AC664E300ACF419 /* Preview Assets.xcassets */; };
		5E4F6CC02AC664E300ACF419 /* BlueGazeTests.swift in Sources */ = {isa = PBXBuildFile; fileRef = 5E4F6CBF2AC664E300ACF419 /* BlueGazeTests.swift */; };
		5E4F6CCA2AC664E300ACF419 /* BlueGazeUITests.swift in Sources */ = {isa = PBXBuildFile; fileRef = 5E4F6CC92AC664E300ACF419 /* BlueGazeUITests.swift */; };
		5E4F6CCC2AC664E300ACF419 /* BlueGazeUITestsLaunchTests.swift in Sources */ = {isa = PBXBuildFile; fileRef = 5E4F6CCB2AC664E300ACF419 /* BlueGazeUITestsLaunchTests.swift */; };
/* End PBXBuildFile section */

/* Begin PBXContainerItemProxy section */
		5E4F6CBC2AC664E300ACF419 /* PBXContainerItemProxy */ = {
			isa = PBXContainerItemProxy;
			containerPortal = 5E4F6CA22AC664E000ACF419 /* Project object */;
			proxyType = 1;
			remoteGlobalIDString = 5E4F6CA92AC664E100ACF419;
			remoteInfo = BlueGaze;
		};
		5E4F6CC62AC664E300ACF419 /* PBXContainerItemProxy */ = {
			isa = PBXContainerItemProxy;
			containerPortal = 5E4F6CA22AC664E000ACF419 /* Project object */;
			proxyType = 1;
			remoteGlobalIDString = 5E4F6CA92AC664E100ACF419;
			remoteInfo = BlueGaze;
		};
/* End PBXContainerItemProxy section */

/* Begin PBXFileReference section */
		5E058E432AD8734100C73B63 /* PlayerDeviceUtilities.swift */ = {isa = PBXFileReference; lastKnownFileType = sourcecode.swift; path = PlayerDeviceUtilities.swift; sourceTree = "<group>"; };
		5E4F6CAA2AC664E100ACF419 /* BlueGaze.app */ = {isa = PBXFileReference; explicitFileType = wrapper.application; includeInIndex = 0; path = BlueGaze.app; sourceTree = BUILT_PRODUCTS_DIR; };
		5E4F6CAD2AC664E100ACF419 /* BlueGazeApp.swift */ = {isa = PBXFileReference; lastKnownFileType = sourcecode.swift; path = BlueGazeApp.swift; sourceTree = "<group>"; };
		5E4F6CAF2AC664E100ACF419 /* ContentView.swift */ = {isa = PBXFileReference; lastKnownFileType = sourcecode.swift; path = ContentView.swift; sourceTree = "<group>"; };
		5E4F6CB12AC664E300ACF419 /* Assets.xcassets */ = {isa = PBXFileReference; lastKnownFileType = folder.assetcatalog; path = Assets.xcassets; sourceTree = "<group>"; };
		5E4F6CB32AC664E300ACF419 /* BlueGaze.entitlements */ = {isa = PBXFileReference; lastKnownFileType = text.plist.entitlements; path = BlueGaze.entitlements; sourceTree = "<group>"; };
		5E4F6CB52AC664E300ACF419 /* Preview Assets.xcassets */ = {isa = PBXFileReference; lastKnownFileType = folder.assetcatalog; path = "Preview Assets.xcassets"; sourceTree = "<group>"; };
		5E4F6CBB2AC664E300ACF419 /* BlueGazeTests.xctest */ = {isa = PBXFileReference; explicitFileType = wrapper.cfbundle; includeInIndex = 0; path = BlueGazeTests.xctest; sourceTree = BUILT_PRODUCTS_DIR; };
		5E4F6CBF2AC664E300ACF419 /* BlueGazeTests.swift */ = {isa = PBXFileReference; lastKnownFileType = sourcecode.swift; path = BlueGazeTests.swift; sourceTree = "<group>"; };
		5E4F6CC52AC664E300ACF419 /* BlueGazeUITests.xctest */ = {isa = PBXFileReference; explicitFileType = wrapper.cfbundle; includeInIndex = 0; path = BlueGazeUITests.xctest; sourceTree = BUILT_PRODUCTS_DIR; };
		5E4F6CC92AC664E300ACF419 /* BlueGazeUITests.swift */ = {isa = PBXFileReference; lastKnownFileType = sourcecode.swift; path = BlueGazeUITests.swift; sourceTree = "<group>"; };
		5E4F6CCB2AC664E300ACF419 /* BlueGazeUITestsLaunchTests.swift */ = {isa = PBXFileReference; lastKnownFileType = sourcecode.swift; path = BlueGazeUITestsLaunchTests.swift; sourceTree = "<group>"; };
/* End PBXFileReference section */

/* Begin PBXFrameworksBuildPhase section */
		5E4F6CA72AC664E100ACF419 /* Frameworks */ = {
			isa = PBXFrameworksBuildPhase;
			buildActionMask = 2147483647;
			files = (
			);
			runOnlyForDeploymentPostprocessing = 0;
		};
		5E4F6CB82AC664E300ACF419 /* Frameworks */ = {
			isa = PBXFrameworksBuildPhase;
			buildActionMask = 2147483647;
			files = (
			);
			runOnlyForDeploymentPostprocessing = 0;
		};
		5E4F6CC22AC664E300ACF419 /* Frameworks */ = {
			isa = PBXFrameworksBuildPhase;
			buildActionMask = 2147483647;
			files = (
			);
			runOnlyForDeploymentPostprocessing = 0;
		};
/* End PBXFrameworksBuildPhase section */

/* Begin PBXGroup section */
		5E4F6CA12AC664E000ACF419 = {
			isa = PBXGroup;
			children = (
				5E4F6CAC2AC664E100ACF419 /* BlueGaze */,
				5E4F6CBE2AC664E300ACF419 /* BlueGazeTests */,
				5E4F6CC82AC664E300ACF419 /* BlueGazeUITests */,
				5E4F6CAB2AC664E100ACF419 /* Products */,
			);
			sourceTree = "<group>";
		};
		5E4F6CAB2AC664E100ACF419 /* Products */ = {
			isa = PBXGroup;
			children = (
				5E4F6CAA2AC664E100ACF419 /* BlueGaze.app */,
				5E4F6CBB2AC664E300ACF419 /* BlueGazeTests.xctest */,
				5E4F6CC52AC664E300ACF419 /* BlueGazeUITests.xctest */,
			);
			name = Products;
			sourceTree = "<group>";
		};
		5E4F6CAC2AC664E100ACF419 /* BlueGaze */ = {
			isa = PBXGroup;
			children = (
				5E4F6CAD2AC664E100ACF419 /* BlueGazeApp.swift */,
				5E4F6CAF2AC664E100ACF419 /* ContentView.swift */,
				5E058E432AD8734100C73B63 /* PlayerDeviceUtilities.swift */,
				5E4F6CB12AC664E300ACF419 /* Assets.xcassets */,
				5E4F6CB32AC664E300ACF419 /* BlueGaze.entitlements */,
				5E4F6CB42AC664E300ACF419 /* Preview Content */,
			);
			path = BlueGaze;
			sourceTree = "<group>";
		};
		5E4F6CB42AC664E300ACF419 /* Preview Content */ = {
			isa = PBXGroup;
			children = (
				5E4F6CB52AC664E300ACF419 /* Preview Assets.xcassets */,
			);
			path = "Preview Content";
			sourceTree = "<group>";
		};
		5E4F6CBE2AC664E300ACF419 /* BlueGazeTests */ = {
			isa = PBXGroup;
			children = (
				5E4F6CBF2AC664E300ACF419 /* BlueGazeTests.swift */,
			);
			path = BlueGazeTests;
			sourceTree = "<group>";
		};
		5E4F6CC82AC664E300ACF419 /* BlueGazeUITests */ = {
			isa = PBXGroup;
			children = (
				5E4F6CC92AC664E300ACF419 /* BlueGazeUITests.swift */,
				5E4F6CCB2AC664E300ACF419 /* BlueGazeUITestsLaunchTests.swift */,
			);
			path = BlueGazeUITests;
			sourceTree = "<group>";
		};
/* End PBXGroup section */

/* Begin PBXNativeTarget section */
		5E4F6CA92AC664E100ACF419 /* BlueGaze */ = {
			isa = PBXNativeTarget;
			buildConfigurationList = 5E4F6CCF2AC664E300ACF419 /* Build configuration list for PBXNativeTarget "BlueGaze" */;
			buildPhases = (
				5E4F6CA62AC664E100ACF419 /* Sources */,
				5E4F6CA72AC664E100ACF419 /* Frameworks */,
				5E4F6CA82AC664E100ACF419 /* Resources */,
			);
			buildRules = (
			);
			dependencies = (
			);
			name = BlueGaze;
			productName = BlueGaze;
			productReference = 5E4F6CAA2AC664E100ACF419 /* BlueGaze.app */;
			productType = "com.apple.product-type.application";
		};
		5E4F6CBA2AC664E300ACF419 /* BlueGazeTests */ = {
			isa = PBXNativeTarget;
			buildConfigurationList = 5E4F6CD22AC664E300ACF419 /* Build configuration list for PBXNativeTarget "BlueGazeTests" */;
			buildPhases = (
				5E4F6CB72AC664E300ACF419 /* Sources */,
				5E4F6CB82AC664E300ACF419 /* Frameworks */,
				5E4F6CB92AC664E300ACF419 /* Resources */,
			);
			buildRules = (
			);
			dependencies = (
				5E4F6CBD2AC664E300ACF419 /* PBXTargetDependency */,
			);
			name = BlueGazeTests;
			productName = BlueGazeTests;
			productReference = 5E4F6CBB2AC664E300ACF419 /* BlueGazeTests.xctest */;
			productType = "com.apple.product-type.bundle.unit-test";
		};
		5E4F6CC42AC664E300ACF419 /* BlueGazeUITests */ = {
			isa = PBXNativeTarget;
			buildConfigurationList = 5E4F6CD52AC664E300ACF419 /* Build configuration list for PBXNativeTarget "BlueGazeUITests" */;
			buildPhases = (
				5E4F6CC12AC664E300ACF419 /* Sources */,
				5E4F6CC22AC664E300ACF419 /* Frameworks */,
				5E4F6CC32AC664E300ACF419 /* Resources */,
			);
			buildRules = (
			);
			dependencies = (
				5E4F6CC72AC664E300ACF419 /* PBXTargetDependency */,
			);
			name = BlueGazeUITests;
			productName = BlueGazeUITests;
			productReference = 5E4F6CC52AC664E300ACF419 /* BlueGazeUITests.xctest */;
			productType = "com.apple.product-type.bundle.ui-testing";
		};
/* End PBXNativeTarget section */

/* Begin PBXProject section */
		5E4F6CA22AC664E000ACF419 /* Project object */ = {
			isa = PBXProject;
			attributes = {
				BuildIndependentTargetsInParallel = 1;
				LastSwiftUpdateCheck = 1500;
				LastUpgradeCheck = 1500;
				TargetAttributes = {
					5E4F6CA92AC664E100ACF419 = {
						CreatedOnToolsVersion = 15.0;
					};
					5E4F6CBA2AC664E300ACF419 = {
						CreatedOnToolsVersion = 15.0;
						TestTargetID = 5E4F6CA92AC664E100ACF419;
					};
					5E4F6CC42AC664E300ACF419 = {
						CreatedOnToolsVersion = 15.0;
						TestTargetID = 5E4F6CA92AC664E100ACF419;
					};
				};
			};
			buildConfigurationList = 5E4F6CA52AC664E000ACF419 /* Build configuration list for PBXProject "BlueGaze" */;
			compatibilityVersion = "Xcode 14.0";
			developmentRegion = en;
			hasScannedForEncodings = 0;
			knownRegions = (
				en,
				Base,
			);
			mainGroup = 5E4F6CA12AC664E000ACF419;
			productRefGroup = 5E4F6CAB2AC664E100ACF419 /* Products */;
			projectDirPath = "";
			projectRoot = "";
			targets = (
				5E4F6CA92AC664E100ACF419 /* BlueGaze */,
				5E4F6CBA2AC664E300ACF419 /* BlueGazeTests */,
				5E4F6CC42AC664E300ACF419 /* BlueGazeUITests */,
			);
		};
/* End PBXProject section */

/* Begin PBXResourcesBuildPhase section */
		5E4F6CA82AC664E100ACF419 /* Resources */ = {
			isa = PBXResourcesBuildPhase;
			buildActionMask = 2147483647;
			files = (
				5E4F6CB62AC664E300ACF419 /* Preview Assets.xcassets in Resources */,
				5E4F6CB22AC664E300ACF419 /* Assets.xcassets in Resources */,
			);
			runOnlyForDeploymentPostprocessing = 0;
		};
		5E4F6CB92AC664E300ACF419 /* Resources */ = {
			isa = PBXResourcesBuildPhase;
			buildActionMask = 2147483647;
			files = (
			);
			runOnlyForDeploymentPostprocessing = 0;
		};
		5E4F6CC32AC664E300ACF419 /* Resources */ = {
			isa = PBXResourcesBuildPhase;
			buildActionMask = 2147483647;
			files = (
			);
			runOnlyForDeploymentPostprocessing = 0;
		};
/* End PBXResourcesBuildPhase section */

/* Begin PBXSourcesBuildPhase section */
		5E4F6CA62AC664E100ACF419 /* Sources */ = {
			isa = PBXSourcesBuildPhase;
			buildActionMask = 2147483647;
			files = (
				5E4F6CB02AC664E100ACF419 /* ContentView.swift in Sources */,
				5E4F6CAE2AC664E100ACF419 /* BlueGazeApp.swift in Sources */,
				5E058E442AD8734100C73B63 /* PlayerDeviceUtilities.swift in Sources */,
			);
			runOnlyForDeploymentPostprocessing = 0;
		};
		5E4F6CB72AC664E300ACF419 /* Sources */ = {
			isa = PBXSourcesBuildPhase;
			buildActionMask = 2147483647;
			files = (
				5E4F6CC02AC664E300ACF419 /* BlueGazeTests.swift in Sources */,
			);
			runOnlyForDeploymentPostprocessing = 0;
		};
		5E4F6CC12AC664E300ACF419 /* Sources */ = {
			isa = PBXSourcesBuildPhase;
			buildActionMask = 2147483647;
			files = (
				5E4F6CCC2AC664E300ACF419 /* BlueGazeUITestsLaunchTests.swift in Sources */,
				5E4F6CCA2AC664E300ACF419 /* BlueGazeUITests.swift in Sources */,
			);
			runOnlyForDeploymentPostprocessing = 0;
		};
/* End PBXSourcesBuildPhase section */

/* Begin PBXTargetDependency section */
		5E4F6CBD2AC664E300ACF419 /* PBXTargetDependency */ = {
			isa = PBXTargetDependency;
			target = 5E4F6CA92AC664E100ACF419 /* BlueGaze */;
			targetProxy = 5E4F6CBC2AC664E300ACF419 /* PBXContainerItemProxy */;
		};
		5E4F6CC72AC664E300ACF419 /* PBXTargetDependency */ = {
			isa = PBXTargetDependency;
			target = 5E4F6CA92AC664E100ACF419 /* BlueGaze */;
			targetProxy = 5E4F6CC62AC664E300ACF419 /* PBXContainerItemProxy */;
		};
/* End PBXTargetDependency section */

/* Begin XCBuildConfiguration section */
		5E4F6CCD2AC664E300ACF419 /* Debug */ = {
			isa = XCBuildConfiguration;
			buildSettings = {
				ALWAYS_SEARCH_USER_PATHS = NO;
				ASSETCATALOG_COMPILER_GENERATE_SWIFT_ASSET_SYMBOL_EXTENSIONS = YES;
				CLANG_ANALYZER_NONNULL = YES;
				CLANG_ANALYZER_NUMBER_OBJECT_CONVERSION = YES_AGGRESSIVE;
				CLANG_CXX_LANGUAGE_STANDARD = "gnu++20";
				CLANG_ENABLE_MODULES = YES;
				CLANG_ENABLE_OBJC_ARC = YES;
				CLANG_ENABLE_OBJC_WEAK = YES;
				CLANG_WARN_BLOCK_CAPTURE_AUTORELEASING = YES;
				CLANG_WARN_BOOL_CONVERSION = YES;
				CLANG_WARN_COMMA = YES;
				CLANG_WARN_CONSTANT_CONVERSION = YES;
				CLANG_WARN_DEPRECATED_OBJC_IMPLEMENTATIONS = YES;
				CLANG_WARN_DIRECT_OBJC_ISA_USAGE = YES_ERROR;
				CLANG_WARN_DOCUMENTATION_COMMENTS = YES;
				CLANG_WARN_EMPTY_BODY = YES;
				CLANG_WARN_ENUM_CONVERSION = YES;
				CLANG_WARN_INFINITE_RECURSION = YES;
				CLANG_WARN_INT_CONVERSION = YES;
				CLANG_WARN_NON_LITERAL_NULL_CONVERSION = YES;
				CLANG_WARN_OBJC_IMPLICIT_RETAIN_SELF = YES;
				CLANG_WARN_OBJC_LITERAL_CONVERSION = YES;
				CLANG_WARN_OBJC_ROOT_CLASS = YES_ERROR;
				CLANG_WARN_QUOTED_INCLUDE_IN_FRAMEWORK_HEADER = YES;
				CLANG_WARN_RANGE_LOOP_ANALYSIS = YES;
				CLANG_WARN_STRICT_PROTOTYPES = YES;
				CLANG_WARN_SUSPICIOUS_MOVE = YES;
				CLANG_WARN_UNGUARDED_AVAILABILITY = YES_AGGRESSIVE;
				CLANG_WARN_UNREACHABLE_CODE = YES;
				CLANG_WARN__DUPLICATE_METHOD_MATCH = YES;
				COPY_PHASE_STRIP = NO;
				DEBUG_INFORMATION_FORMAT = dwarf;
				ENABLE_STRICT_OBJC_MSGSEND = YES;
				ENABLE_TESTABILITY = YES;
				ENABLE_USER_SCRIPT_SANDBOXING = YES;
				GCC_C_LANGUAGE_STANDARD = gnu17;
				GCC_DYNAMIC_NO_PIC = NO;
				GCC_NO_COMMON_BLOCKS = YES;
				GCC_OPTIMIZATION_LEVEL = 0;
				GCC_PREPROCESSOR_DEFINITIONS = (
					"DEBUG=1",
					"$(inherited)",
				);
				GCC_WARN_64_TO_32_BIT_CONVERSION = YES;
				GCC_WARN_ABOUT_RETURN_TYPE = YES_ERROR;
				GCC_WARN_UNDECLARED_SELECTOR = YES;
				GCC_WARN_UNINITIALIZED_AUTOS = YES_AGGRESSIVE;
				GCC_WARN_UNUSED_FUNCTION = YES;
				GCC_WARN_UNUSED_VARIABLE = YES;
				LOCALIZATION_PREFERS_STRING_CATALOGS = YES;
				MTL_ENABLE_DEBUG_INFO = INCLUDE_SOURCE;
				MTL_FAST_MATH = YES;
				ONLY_ACTIVE_ARCH = YES;
				SWIFT_ACTIVE_COMPILATION_CONDITIONS = "DEBUG $(inherited)";
				SWIFT_OPTIMIZATION_LEVEL = "-Onone";
			};
			name = Debug;
		};
		5E4F6CCE2AC664E300ACF419 /* Release */ = {
			isa = XCBuildConfiguration;
			buildSettings = {
				ALWAYS_SEARCH_USER_PATHS = NO;
				ASSETCATALOG_COMPILER_GENERATE_SWIFT_ASSET_SYMBOL_EXTENSIONS = YES;
				CLANG_ANALYZER_NONNULL = YES;
				CLANG_ANALYZER_NUMBER_OBJECT_CONVERSION = YES_AGGRESSIVE;
				CLANG_CXX_LANGUAGE_STANDARD = "gnu++20";
				CLANG_ENABLE_MODULES = YES;
				CLANG_ENABLE_OBJC_ARC = YES;
				CLANG_ENABLE_OBJC_WEAK = YES;
				CLANG_WARN_BLOCK_CAPTURE_AUTORELEASING = YES;
				CLANG_WARN_BOOL_CONVERSION = YES;
				CLANG_WARN_COMMA = YES;
				CLANG_WARN_CONSTANT_CONVERSION = YES;
				CLANG_WARN_DEPRECATED_OBJC_IMPLEMENTATIONS = YES;
				CLANG_WARN_DIRECT_OBJC_ISA_USAGE = YES_ERROR;
				CLANG_WARN_DOCUMENTATION_COMMENTS = YES;
				CLANG_WARN_EMPTY_BODY = YES;
				CLANG_WARN_ENUM_CONVERSION = YES;
				CLANG_WARN_INFINITE_RECURSION = YES;
				CLANG_WARN_INT_CONVERSION = YES;
				CLANG_WARN_NON_LITERAL_NULL_CONVERSION = YES;
				CLANG_WARN_OBJC_IMPLICIT_RETAIN_SELF = YES;
				CLANG_WARN_OBJC_LITERAL_CONVERSION = YES;
				CLANG_WARN_OBJC_ROOT_CLASS = YES_ERROR;
				CLANG_WARN_QUOTED_INCLUDE_IN_FRAMEWORK_HEADER = YES;
				CLANG_WARN_RANGE_LOOP_ANALYSIS = YES;
				CLANG_WARN_STRICT_PROTOTYPES = YES;
				CLANG_WARN_SUSPICIOUS_MOVE = YES;
				CLANG_WARN_UNGUARDED_AVAILABILITY = YES_AGGRESSIVE;
				CLANG_WARN_UNREACHABLE_CODE = YES;
				CLANG_WARN__DUPLICATE_METHOD_MATCH = YES;
				COPY_PHASE_STRIP = NO;
				DEBUG_INFORMATION_FORMAT = "dwarf-with-dsym";
				ENABLE_NS_ASSERTIONS = NO;
				ENABLE_STRICT_OBJC_MSGSEND = YES;
				ENABLE_USER_SCRIPT_SANDBOXING = YES;
				GCC_C_LANGUAGE_STANDARD = gnu17;
				GCC_NO_COMMON_BLOCKS = YES;
				GCC_WARN_64_TO_32_BIT_CONVERSION = YES;
				GCC_WARN_ABOUT_RETURN_TYPE = YES_ERROR;
				GCC_WARN_UNDECLARED_SELECTOR = YES;
				GCC_WARN_UNINITIALIZED_AUTOS = YES_AGGRESSIVE;
				GCC_WARN_UNUSED_FUNCTION = YES;
				GCC_WARN_UNUSED_VARIABLE = YES;
				LOCALIZATION_PREFERS_STRING_CATALOGS = YES;
				MTL_ENABLE_DEBUG_INFO = NO;
				MTL_FAST_MATH = YES;
				SWIFT_COMPILATION_MODE = wholemodule;
			};
			name = Release;
		};
		5E4F6CD02AC664E300ACF419 /* Debug */ = {
			isa = XCBuildConfiguration;
			buildSettings = {
				ASSETCATALOG_COMPILER_APPICON_NAME = AppIcon;
				ASSETCATALOG_COMPILER_GLOBAL_ACCENT_COLOR_NAME = AccentColor;
				CODE_SIGN_ENTITLEMENTS = BlueGaze/BlueGaze.entitlements;
				CODE_SIGN_STYLE = Automatic;
				CURRENT_PROJECT_VERSION = 1;
				DEVELOPMENT_ASSET_PATHS = "\"BlueGaze/Preview Content\"";
				DEVELOPMENT_TEAM = VMX6442LXW;
				ENABLE_HARDENED_RUNTIME = YES;
				ENABLE_PREVIEWS = YES;
				GENERATE_INFOPLIST_FILE = YES;
				"INFOPLIST_KEY_UIApplicationSceneManifest_Generation[sdk=iphoneos*]" = YES;
				"INFOPLIST_KEY_UIApplicationSceneManifest_Generation[sdk=iphonesimulator*]" = YES;
				"INFOPLIST_KEY_UIApplicationSupportsIndirectInputEvents[sdk=iphoneos*]" = YES;
				"INFOPLIST_KEY_UIApplicationSupportsIndirectInputEvents[sdk=iphonesimulator*]" = YES;
				"INFOPLIST_KEY_UILaunchScreen_Generation[sdk=iphoneos*]" = YES;
				"INFOPLIST_KEY_UILaunchScreen_Generation[sdk=iphonesimulator*]" = YES;
				"INFOPLIST_KEY_UIStatusBarStyle[sdk=iphoneos*]" = UIStatusBarStyleDefault;
				"INFOPLIST_KEY_UIStatusBarStyle[sdk=iphonesimulator*]" = UIStatusBarStyleDefault;
				INFOPLIST_KEY_UISupportedInterfaceOrientations_iPad = "UIInterfaceOrientationPortrait UIInterfaceOrientationPortraitUpsideDown UIInterfaceOrientationLandscapeLeft UIInterfaceOrientationLandscapeRight";
				INFOPLIST_KEY_UISupportedInterfaceOrientations_iPhone = "UIInterfaceOrientationPortrait UIInterfaceOrientationLandscapeLeft UIInterfaceOrientationLandscapeRight";
				IPHONEOS_DEPLOYMENT_TARGET = 17.0;
				LD_RUNPATH_SEARCH_PATHS = "@executable_path/Frameworks";
				"LD_RUNPATH_SEARCH_PATHS[sdk=macosx*]" = "@executable_path/../Frameworks";
				MACOSX_DEPLOYMENT_TARGET = 13.6;
				MARKETING_VERSION = 1.0;
				PRODUCT_BUNDLE_IDENTIFIER = "alexis-martel.BlueGaze";
				PRODUCT_NAME = "$(TARGET_NAME)";
				SDKROOT = auto;
				SUPPORTED_PLATFORMS = "iphoneos iphonesimulator macosx";
				SWIFT_EMIT_LOC_STRINGS = YES;
				SWIFT_VERSION = 5.0;
				TARGETED_DEVICE_FAMILY = "1,2";
			};
			name = Debug;
		};
		5E4F6CD12AC664E300ACF419 /* Release */ = {
			isa = XCBuildConfiguration;
			buildSettings = {
				ASSETCATALOG_COMPILER_APPICON_NAME = AppIcon;
				ASSETCATALOG_COMPILER_GLOBAL_ACCENT_COLOR_NAME = AccentColor;
				CODE_SIGN_ENTITLEMENTS = BlueGaze/BlueGaze.entitlements;
				CODE_SIGN_STYLE = Automatic;
				CURRENT_PROJECT_VERSION = 1;
				DEVELOPMENT_ASSET_PATHS = "\"BlueGaze/Preview Content\"";
				DEVELOPMENT_TEAM = VMX6442LXW;
				ENABLE_HARDENED_RUNTIME = YES;
				ENABLE_PREVIEWS = YES;
				GENERATE_INFOPLIST_FILE = YES;
				"INFOPLIST_KEY_UIApplicationSceneManifest_Generation[sdk=iphoneos*]" = YES;
				"INFOPLIST_KEY_UIApplicationSceneManifest_Generation[sdk=iphonesimulator*]" = YES;
				"INFOPLIST_KEY_UIApplicationSupportsIndirectInputEvents[sdk=iphoneos*]" = YES;
				"INFOPLIST_KEY_UIApplicationSupportsIndirectInputEvents[sdk=iphonesimulator*]" = YES;
				"INFOPLIST_KEY_UILaunchScreen_Generation[sdk=iphoneos*]" = YES;
				"INFOPLIST_KEY_UILaunchScreen_Generation[sdk=iphonesimulator*]" = YES;
				"INFOPLIST_KEY_UIStatusBarStyle[sdk=iphoneos*]" = UIStatusBarStyleDefault;
				"INFOPLIST_KEY_UIStatusBarStyle[sdk=iphonesimulator*]" = UIStatusBarStyleDefault;
				INFOPLIST_KEY_UISupportedInterfaceOrientations_iPad = "UIInterfaceOrientationPortrait UIInterfaceOrientationPortraitUpsideDown UIInterfaceOrientationLandscapeLeft UIInterfaceOrientationLandscapeRight";
				INFOPLIST_KEY_UISupportedInterfaceOrientations_iPhone = "UIInterfaceOrientationPortrait UIInterfaceOrientationLandscapeLeft UIInterfaceOrientationLandscapeRight";
				IPHONEOS_DEPLOYMENT_TARGET = 17.0;
				LD_RUNPATH_SEARCH_PATHS = "@executable_path/Frameworks";
				"LD_RUNPATH_SEARCH_PATHS[sdk=macosx*]" = "@executable_path/../Frameworks";
				MACOSX_DEPLOYMENT_TARGET = 13.6;
				MARKETING_VERSION = 1.0;
				PRODUCT_BUNDLE_IDENTIFIER = "alexis-martel.BlueGaze";
				PRODUCT_NAME = "$(TARGET_NAME)";
				SDKROOT = auto;
				SUPPORTED_PLATFORMS = "iphoneos iphonesimulator macosx";
				SWIFT_EMIT_LOC_STRINGS = YES;
				SWIFT_VERSION = 5.0;
				TARGETED_DEVICE_FAMILY = "1,2";
			};
			name = Release;
		};
		5E4F6CD32AC664E300ACF419 /* Debug */ = {
			isa = XCBuildConfiguration;
			buildSettings = {
				ALWAYS_EMBED_SWIFT_STANDARD_LIBRARIES = YES;
				BUNDLE_LOADER = "$(TEST_HOST)";
				CODE_SIGN_STYLE = Automatic;
				CURRENT_PROJECT_VERSION = 1;
				DEVELOPMENT_TEAM = VMX6442LXW;
				GENERATE_INFOPLIST_FILE = YES;
				IPHONEOS_DEPLOYMENT_TARGET = 17.0;
				MACOSX_DEPLOYMENT_TARGET = 13.6;
				MARKETING_VERSION = 1.0;
				PRODUCT_BUNDLE_IDENTIFIER = "alexis-martel.BlueGazeTests";
				PRODUCT_NAME = "$(TARGET_NAME)";
				SDKROOT = auto;
				SUPPORTED_PLATFORMS = "iphoneos iphonesimulator macosx";
				SWIFT_EMIT_LOC_STRINGS = NO;
				SWIFT_VERSION = 5.0;
				TARGETED_DEVICE_FAMILY = "1,2";
				TEST_HOST = "$(BUILT_PRODUCTS_DIR)/BlueGaze.app/$(BUNDLE_EXECUTABLE_FOLDER_PATH)/BlueGaze";
			};
			name = Debug;
		};
		5E4F6CD42AC664E300ACF419 /* Release */ = {
			isa = XCBuildConfiguration;
			buildSettings = {
				ALWAYS_EMBED_SWIFT_STANDARD_LIBRARIES = YES;
				BUNDLE_LOADER = "$(TEST_HOST)";
				CODE_SIGN_STYLE = Automatic;
				CURRENT_PROJECT_VERSION = 1;
				DEVELOPMENT_TEAM = VMX6442LXW;
				GENERATE_INFOPLIST_FILE = YES;
				IPHONEOS_DEPLOYMENT_TARGET = 17.0;
				MACOSX_DEPLOYMENT_TARGET = 13.6;
				MARKETING_VERSION = 1.0;
				PRODUCT_BUNDLE_IDENTIFIER = "alexis-martel.BlueGazeTests";
				PRODUCT_NAME = "$(TARGET_NAME)";
				SDKROOT = auto;
				SUPPORTED_PLATFORMS = "iphoneos iphonesimulator macosx";
				SWIFT_EMIT_LOC_STRINGS = NO;
				SWIFT_VERSION = 5.0;
				TARGETED_DEVICE_FAMILY = "1,2";
				TEST_HOST = "$(BUILT_PRODUCTS_DIR)/BlueGaze.app/$(BUNDLE_EXECUTABLE_FOLDER_PATH)/BlueGaze";
			};
			name = Release;
		};
		5E4F6CD62AC664E300ACF419 /* Debug */ = {
			isa = XCBuildConfiguration;
			buildSettings = {
				ALWAYS_EMBED_SWIFT_STANDARD_LIBRARIES = YES;
				CODE_SIGN_STYLE = Automatic;
				CURRENT_PROJECT_VERSION = 1;
				DEVELOPMENT_TEAM = VMX6442LXW;
				GENERATE_INFOPLIST_FILE = YES;
				IPHONEOS_DEPLOYMENT_TARGET = 17.0;
				MACOSX_DEPLOYMENT_TARGET = 13.6;
				MARKETING_VERSION = 1.0;
				PRODUCT_BUNDLE_IDENTIFIER = "alexis-martel.BlueGazeUITests";
				PRODUCT_NAME = "$(TARGET_NAME)";
				SDKROOT = auto;
				SUPPORTED_PLATFORMS = "iphoneos iphonesimulator macosx";
				SWIFT_EMIT_LOC_STRINGS = NO;
				SWIFT_VERSION = 5.0;
				TARGETED_DEVICE_FAMILY = "1,2";
				TEST_TARGET_NAME = BlueGaze;
			};
			name = Debug;
		};
		5E4F6CD72AC664E300ACF419 /* Release */ = {
			isa = XCBuildConfiguration;
			buildSettings = {
				ALWAYS_EMBED_SWIFT_STANDARD_LIBRARIES = YES;
				CODE_SIGN_STYLE = Automatic;
				CURRENT_PROJECT_VERSION = 1;
				DEVELOPMENT_TEAM = VMX6442LXW;
				GENERATE_INFOPLIST_FILE = YES;
				IPHONEOS_DEPLOYMENT_TARGET = 17.0;
				MACOSX_DEPLOYMENT_TARGET = 13.6;
				MARKETING_VERSION = 1.0;
				PRODUCT_BUNDLE_IDENTIFIER = "alexis-martel.BlueGazeUITests";
				PRODUCT_NAME = "$(TARGET_NAME)";
				SDKROOT = auto;
				SUPPORTED_PLATFORMS = "iphoneos iphonesimulator macosx";
				SWIFT_EMIT_LOC_STRINGS = NO;
				SWIFT_VERSION = 5.0;
				TARGETED_DEVICE_FAMILY = "1,2";
				TEST_TARGET_NAME = BlueGaze;
			};
			name = Release;
		};
/* End XCBuildConfiguration section */

/* Begin XCConfigurationList section */
		5E4F6CA52AC664E000ACF419 /* Build configuration list for PBXProject "BlueGaze" */ = {
			isa = XCConfigurationList;
			buildConfigurations = (
				5E4F6CCD2AC664E300ACF419 /* Debug */,
				5E4F6CCE2AC664E300ACF419 /* Release */,
			);
			defaultConfigurationIsVisible = 0;
			defaultConfigurationName = Release;
		};
		5E4F6CCF2AC664E300ACF419 /* Build configuration list for PBXNativeTarget "BlueGaze" */ = {
			isa = XCConfigurationList;
			buildConfigurations = (
				5E4F6CD02AC664E300ACF419 /* Debug */,
				5E4F6CD12AC664E300ACF419 /* Release */,
			);
			defaultConfigurationIsVisible = 0;
			defaultConfigurationName = Release;
		};
		5E4F6CD22AC664E300ACF419 /* Build configuration list for PBXNativeTarget "BlueGazeTests" */ = {
			isa = XCConfigurationList;
			buildConfigurations = (
				5E4F6CD32AC664E300ACF419 /* Debug */,
				5E4F6CD42AC664E300ACF419 /* Release */,
			);
			defaultConfigurationIsVisible = 0;
			defaultConfigurationName = Release;
		};
		5E4F6CD52AC664E300ACF419 /* Build configuration list for PBXNativeTarget "BlueGazeUITests" */ = {
			isa = XCConfigurationList;
			buildConfigurations = (
				5E4F6CD62AC664E300ACF419 /* Debug */,
				5E4F6CD72AC664E300ACF419 /* Release */,
			);
			defaultConfigurationIsVisible = 0;
			defaultConfigurationName = Release;
		};
/* End XCConfigurationList section */
	};
	rootObject = 5E4F6CA22AC664E000ACF419 /* Project object */;
}
